
Microsoft Visual Studio Solution File, Format Version 12.00
# Visual Studio Version 16
VisualStudioVersion = 16.0.29728.190
MinimumVisualStudioVersion = 10.0.40219.1
Project("{8BC9CEB8-8B4A-11D0-8D11-00A0C91BC942}") = "ASCII Video Player", "ASCII Video Player\ASCII Video Player.vcxproj", "{71D80877-BEC3-4FA7-A0FB-A3A770602E8C}"
EndProject
Global
	GlobalSection(SolutionConfigurationPlatforms) = preSolution
		Debug|x64 = Debug|x64
		Debug|x86 = Debug|x86
		Release|x64 = Release|x64
		Release|x86 = Release|x86
	EndGlobalSection
	GlobalSection(ProjectConfigurationPlatforms) = postSolution
		{71D80877-BEC3-4FA7-A0FB-A3A770602E8C}.Debug|x64.ActiveCfg = Debug|x64
		{71D80877-BEC3-4FA7-A0FB-A3A770602E8C}.Debug|x64.Build.0 = Debug|x64
		{71D80877-BEC3-4FA7-A0FB-A3A770602E8C}.Debug|x86.ActiveCfg = Debug|Win32
		{71D80877-BEC3-4FA7-A0FB-A3A770602E8C}.Debug|x86.Build.0 = Debug|Win32
		{71D80877-BEC3-4FA7-A0FB-A3A770602E8C}.Release|x64.ActiveCfg = Release|x64
		{71D80877-BEC3-4FA7-A0FB-A3A770602E8C}.Release|x64.Build.0 = Release|x64
		{71D80877-BEC3-4FA7-A0FB-A3A770602E8C}.Release|x86.ActiveCfg = Release|Win32
		{71D80877-BEC3-4FA7-A0FB-A3A770602E8C}.Release|x86.Build.0 = Release|Win32
	EndGlobalSection
	GlobalSection(SolutionProperties) = preSolution
		HideSolutionNode = FALSE
	EndGlobalSection
	GlobalSection(ExtensibilityGlobals) = postSolution
		SolutionGuid = {FA8D1D52-D439-4C9D-A227-E5EA3E956434}
	EndGlobalSection
EndGlobal
